
Microsoft Visual Studio Solution File, Format Version 12.00
# Visual Studio 15
VisualStudioVersion = 15.0.26403.7
MinimumVisualStudioVersion = 10.0.40219.1
Project("{D954291E-2A0B-460D-934E-DC6B0785DB48}") = "DiceBagApp", "DiceBagApp\DiceBagApp\DiceBagApp.shproj", "{6B6EEF79-57F3-4AF5-81AE-7DD7E174940B}"
EndProject
Project("{FAE04EC0-301F-11D3-BF4B-00C04F79EFBC}") = "DiceBagApp.Android", "DiceBagApp\DiceBagApp.Android\DiceBagApp.Android.csproj", "{497AB3A6-1AA9-42D8-9C6F-28D71C858D3F}"
EndProject
Project("{FAE04EC0-301F-11D3-BF4B-00C04F79EFBC}") = "DiceBagApp.iOS", "DiceBagApp\DiceBagApp.iOS\DiceBagApp.iOS.csproj", "{A6C84AA4-01A9-4E62-9191-3857D45D793A}"
EndProject
Project("{FAE04EC0-301F-11D3-BF4B-00C04F79EFBC}") = "DiceBagApp.UWP", "DiceBagApp\DiceBagApp.UWP\DiceBagApp.UWP.csproj", "{F0A94384-F653-4EA7-9D54-E6032A1AFE7F}"
EndProject
Global
	GlobalSection(SharedMSBuildProjectFiles) = preSolution
		DiceBagApp\DiceBagApp\DiceBagApp.projitems*{497ab3a6-1aa9-42d8-9c6f-28d71c858d3f}*SharedItemsImports = 4
		DiceBagApp\DiceBagApp\DiceBagApp.projitems*{6b6eef79-57f3-4af5-81ae-7dd7e174940b}*SharedItemsImports = 13
		DiceBagApp\DiceBagApp\DiceBagApp.projitems*{a6c84aa4-01a9-4e62-9191-3857d45d793a}*SharedItemsImports = 4
	EndGlobalSection
	GlobalSection(SolutionConfigurationPlatforms) = preSolution
		Ad-Hoc|Any CPU = Ad-Hoc|Any CPU
		Ad-Hoc|ARM = Ad-Hoc|ARM
		Ad-Hoc|iPhone = Ad-Hoc|iPhone
		Ad-Hoc|iPhoneSimulator = Ad-Hoc|iPhoneSimulator
		Ad-Hoc|x64 = Ad-Hoc|x64
		Ad-Hoc|x86 = Ad-Hoc|x86
		AppStore|Any CPU = AppStore|Any CPU
		AppStore|ARM = AppStore|ARM
		AppStore|iPhone = AppStore|iPhone
		AppStore|iPhoneSimulator = AppStore|iPhoneSimulator
		AppStore|x64 = AppStore|x64
		AppStore|x86 = AppStore|x86
		Debug|Any CPU = Debug|Any CPU
		Debug|ARM = Debug|ARM
		Debug|iPhone = Debug|iPhone
		Debug|iPhoneSimulator = Debug|iPhoneSimulator
		Debug|x64 = Debug|x64
		Debug|x86 = Debug|x86
		Release|Any CPU = Release|Any CPU
		Release|ARM = Release|ARM
		Release|iPhone = Release|iPhone
		Release|iPhoneSimulator = Release|iPhoneSimulator
		Release|x64 = Release|x64
		Release|x86 = Release|x86
	EndGlobalSection
	GlobalSection(ProjectConfigurationPlatforms) = postSolution
		{497AB3A6-1AA9-42D8-9C6F-28D71C858D3F}.Ad-Hoc|Any CPU.ActiveCfg = Release|Any CPU
		{497AB3A6-1AA9-42D8-9C6F-28D71C858D3F}.Ad-Hoc|Any CPU.Build.0 = Release|Any CPU
		{497AB3A6-1AA9-42D8-9C6F-28D71C858D3F}.Ad-Hoc|Any CPU.Deploy.0 = Release|Any CPU
		{497AB3A6-1AA9-42D8-9C6F-28D71C858D3F}.Ad-Hoc|ARM.ActiveCfg = Release|Any CPU
		{497AB3A6-1AA9-42D8-9C6F-28D71C858D3F}.Ad-Hoc|ARM.Build.0 = Release|Any CPU
		{497AB3A6-1AA9-42D8-9C6F-28D71C858D3F}.Ad-Hoc|ARM.Deploy.0 = Release|Any CPU
		{497AB3A6-1AA9-42D8-9C6F-28D71C858D3F}.Ad-Hoc|iPhone.ActiveCfg = Release|Any CPU
		{497AB3A6-1AA9-42D8-9C6F-28D71C858D3F}.Ad-Hoc|iPhone.Build.0 = Release|Any CPU
		{497AB3A6-1AA9-42D8-9C6F-28D71C858D3F}.Ad-Hoc|iPhone.Deploy.0 = Release|Any CPU
		{497AB3A6-1AA9-42D8-9C6F-28D71C858D3F}.Ad-Hoc|iPhoneSimulator.ActiveCfg = Release|Any CPU
		{497AB3A6-1AA9-42D8-9C6F-28D71C858D3F}.Ad-Hoc|iPhoneSimulator.Build.0 = Release|Any CPU
		{497AB3A6-1AA9-42D8-9C6F-28D71C858D3F}.Ad-Hoc|iPhoneSimulator.Deploy.0 = Release|Any CPU
		{497AB3A6-1AA9-42D8-9C6F-28D71C858D3F}.Ad-Hoc|x64.ActiveCfg = Release|Any CPU
		{497AB3A6-1AA9-42D8-9C6F-28D71C858D3F}.Ad-Hoc|x64.Build.0 = Release|Any CPU
		{497AB3A6-1AA9-42D8-9C6F-28D71C858D3F}.Ad-Hoc|x64.Deploy.0 = Release|Any CPU
		{497AB3A6-1AA9-42D8-9C6F-28D71C858D3F}.Ad-Hoc|x86.ActiveCfg = Release|Any CPU
		{497AB3A6-1AA9-42D8-9C6F-28D71C858D3F}.Ad-Hoc|x86.Build.0 = Release|Any CPU
		{497AB3A6-1AA9-42D8-9C6F-28D71C858D3F}.Ad-Hoc|x86.Deploy.0 = Release|Any CPU
		{497AB3A6-1AA9-42D8-9C6F-28D71C858D3F}.AppStore|Any CPU.ActiveCfg = Release|Any CPU
		{497AB3A6-1AA9-42D8-9C6F-28D71C858D3F}.AppStore|Any CPU.Build.0 = Release|Any CPU
		{497AB3A6-1AA9-42D8-9C6F-28D71C858D3F}.AppStore|Any CPU.Deploy.0 = Release|Any CPU
		{497AB3A6-1AA9-42D8-9C6F-28D71C858D3F}.AppStore|ARM.ActiveCfg = Release|Any CPU
		{497AB3A6-1AA9-42D8-9C6F-28D71C858D3F}.AppStore|ARM.Build.0 = Release|Any CPU
		{497AB3A6-1AA9-42D8-9C6F-28D71C858D3F}.AppStore|ARM.Deploy.0 = Release|Any CPU
		{497AB3A6-1AA9-42D8-9C6F-28D71C858D3F}.AppStore|iPhone.ActiveCfg = Release|Any CPU
		{497AB3A6-1AA9-42D8-9C6F-28D71C858D3F}.AppStore|iPhone.Build.0 = Release|Any CPU
		{497AB3A6-1AA9-42D8-9C6F-28D71C858D3F}.AppStore|iPhone.Deploy.0 = Release|Any CPU
		{497AB3A6-1AA9-42D8-9C6F-28D71C858D3F}.AppStore|iPhoneSimulator.ActiveCfg = Release|Any CPU
		{497AB3A6-1AA9-42D8-9C6F-28D71C858D3F}.AppStore|iPhoneSimulator.Build.0 = Release|Any CPU
		{497AB3A6-1AA9-42D8-9C6F-28D71C858D3F}.AppStore|iPhoneSimulator.Deploy.0 = Release|Any CPU
		{497AB3A6-1AA9-42D8-9C6F-28D71C858D3F}.AppStore|x64.ActiveCfg = Release|Any CPU
		{497AB3A6-1AA9-42D8-9C6F-28D71C858D3F}.AppStore|x64.Build.0 = Release|Any CPU
		{497AB3A6-1AA9-42D8-9C6F-28D71C858D3F}.AppStore|x64.Deploy.0 = Release|Any CPU
		{497AB3A6-1AA9-42D8-9C6F-28D71C858D3F}.AppStore|x86.ActiveCfg = Release|Any CPU
		{497AB3A6-1AA9-42D8-9C6F-28D71C858D3F}.AppStore|x86.Build.0 = Release|Any CPU
		{497AB3A6-1AA9-42D8-9C6F-28D71C858D3F}.AppStore|x86.Deploy.0 = Release|Any CPU
		{497AB3A6-1AA9-42D8-9C6F-28D71C858D3F}.Debug|Any CPU.ActiveCfg = Debug|Any CPU
		{497AB3A6-1AA9-42D8-9C6F-28D71C858D3F}.Debug|Any CPU.Build.0 = Debug|Any CPU
		{497AB3A6-1AA9-42D8-9C6F-28D71C858D3F}.Debug|Any CPU.Deploy.0 = Debug|Any CPU
		{497AB3A6-1AA9-42D8-9C6F-28D71C858D3F}.Debug|ARM.ActiveCfg = Debug|Any CPU
		{497AB3A6-1AA9-42D8-9C6F-28D71C858D3F}.Debug|ARM.Build.0 = Debug|Any CPU
		{497AB3A6-1AA9-42D8-9C6F-28D71C858D3F}.Debug|ARM.Deploy.0 = Debug|Any CPU
		{497AB3A6-1AA9-42D8-9C6F-28D71C858D3F}.Debug|iPhone.ActiveCfg = Debug|Any CPU
		{497AB3A6-1AA9-42D8-9C6F-28D71C858D3F}.Debug|iPhone.Build.0 = Debug|Any CPU
		{497AB3A6-1AA9-42D8-9C6F-28D71C858D3F}.Debug|iPhone.Deploy.0 = Debug|Any CPU
		{497AB3A6-1AA9-42D8-9C6F-28D71C858D3F}.Debug|iPhoneSimulator.ActiveCfg = Debug|Any CPU
		{497AB3A6-1AA9-42D8-9C6F-28D71C858D3F}.Debug|iPhoneSimulator.Build.0 = Debug|Any CPU
		{497AB3A6-1AA9-42D8-9C6F-28D71C858D3F}.Debug|iPhoneSimulator.Deploy.0 = Debug|Any CPU
		{497AB3A6-1AA9-42D8-9C6F-28D71C858D3F}.Debug|x64.ActiveCfg = Debug|Any CPU
		{497AB3A6-1AA9-42D8-9C6F-28D71C858D3F}.Debug|x64.Build.0 = Debug|Any CPU
		{497AB3A6-1AA9-42D8-9C6F-28D71C858D3F}.Debug|x64.Deploy.0 = Debug|Any CPU
		{497AB3A6-1AA9-42D8-9C6F-28D71C858D3F}.Debug|x86.ActiveCfg = Debug|Any CPU
		{497AB3A6-1AA9-42D8-9C6F-28D71C858D3F}.Debug|x86.Build.0 = Debug|Any CPU
		{497AB3A6-1AA9-42D8-9C6F-28D71C858D3F}.Debug|x86.Deploy.0 = Debug|Any CPU
		{497AB3A6-1AA9-42D8-9C6F-28D71C858D3F}.Release|Any CPU.ActiveCfg = Release|Any CPU
		{497AB3A6-1AA9-42D8-9C6F-28D71C858D3F}.Release|Any CPU.Build.0 = Release|Any CPU
		{497AB3A6-1AA9-42D8-9C6F-28D71C858D3F}.Release|Any CPU.Deploy.0 = Release|Any CPU
		{497AB3A6-1AA9-42D8-9C6F-28D71C858D3F}.Release|ARM.ActiveCfg = Release|Any CPU
		{497AB3A6-1AA9-42D8-9C6F-28D71C858D3F}.Release|ARM.Build.0 = Release|Any CPU
		{497AB3A6-1AA9-42D8-9C6F-28D71C858D3F}.Release|ARM.Deploy.0 = Release|Any CPU
		{497AB3A6-1AA9-42D8-9C6F-28D71C858D3F}.Release|iPhone.ActiveCfg = Release|Any CPU
		{497AB3A6-1AA9-42D8-9C6F-28D71C858D3F}.Release|iPhone.Build.0 = Release|Any CPU
		{497AB3A6-1AA9-42D8-9C6F-28D71C858D3F}.Release|iPhone.Deploy.0 = Release|Any CPU
		{497AB3A6-1AA9-42D8-9C6F-28D71C858D3F}.Release|iPhoneSimulator.ActiveCfg = Release|Any CPU
		{497AB3A6-1AA9-42D8-9C6F-28D71C858D3F}.Release|iPhoneSimulator.Build.0 = Release|Any CPU
		{497AB3A6-1AA9-42D8-9C6F-28D71C858D3F}.Release|iPhoneSimulator.Deploy.0 = Release|Any CPU
		{497AB3A6-1AA9-42D8-9C6F-28D71C858D3F}.Release|x64.ActiveCfg = Release|Any CPU
		{497AB3A6-1AA9-42D8-9C6F-28D71C858D3F}.Release|x64.Build.0 = Release|Any CPU
		{497AB3A6-1AA9-42D8-9C6F-28D71C858D3F}.Release|x64.Deploy.0 = Release|Any CPU
		{497AB3A6-1AA9-42D8-9C6F-28D71C858D3F}.Release|x86.ActiveCfg = Release|Any CPU
		{497AB3A6-1AA9-42D8-9C6F-28D71C858D3F}.Release|x86.Build.0 = Release|Any CPU
		{497AB3A6-1AA9-42D8-9C6F-28D71C858D3F}.Release|x86.Deploy.0 = Release|Any CPU
		{A6C84AA4-01A9-4E62-9191-3857D45D793A}.Ad-Hoc|Any CPU.ActiveCfg = Ad-Hoc|iPhone
		{A6C84AA4-01A9-4E62-9191-3857D45D793A}.Ad-Hoc|ARM.ActiveCfg = Ad-Hoc|iPhone
		{A6C84AA4-01A9-4E62-9191-3857D45D793A}.Ad-Hoc|iPhone.ActiveCfg = Ad-Hoc|iPhone
		{A6C84AA4-01A9-4E62-9191-3857D45D793A}.Ad-Hoc|iPhone.Build.0 = Ad-Hoc|iPhone
		{A6C84AA4-01A9-4E62-9191-3857D45D793A}.Ad-Hoc|iPhoneSimulator.ActiveCfg = Ad-Hoc|iPhoneSimulator
		{A6C84AA4-01A9-4E62-9191-3857D45D793A}.Ad-Hoc|iPhoneSimulator.Build.0 = Ad-Hoc|iPhoneSimulator
		{A6C84AA4-01A9-4E62-9191-3857D45D793A}.Ad-Hoc|x64.ActiveCfg = Ad-Hoc|iPhone
		{A6C84AA4-01A9-4E62-9191-3857D45D793A}.Ad-Hoc|x86.ActiveCfg = Ad-Hoc|iPhone
		{A6C84AA4-01A9-4E62-9191-3857D45D793A}.AppStore|Any CPU.ActiveCfg = AppStore|iPhone
		{A6C84AA4-01A9-4E62-9191-3857D45D793A}.AppStore|ARM.ActiveCfg = AppStore|iPhone
		{A6C84AA4-01A9-4E62-9191-3857D45D793A}.AppStore|iPhone.ActiveCfg = AppStore|iPhone
		{A6C84AA4-01A9-4E62-9191-3857D45D793A}.AppStore|iPhone.Build.0 = AppStore|iPhone
		{A6C84AA4-01A9-4E62-9191-3857D45D793A}.AppStore|iPhoneSimulator.ActiveCfg = AppStore|iPhoneSimulator
		{A6C84AA4-01A9-4E62-9191-3857D45D793A}.AppStore|iPhoneSimulator.Build.0 = AppStore|iPhoneSimulator
		{A6C84AA4-01A9-4E62-9191-3857D45D793A}.AppStore|x64.ActiveCfg = AppStore|iPhone
		{A6C84AA4-01A9-4E62-9191-3857D45D793A}.AppStore|x86.ActiveCfg = AppStore|iPhone
		{A6C84AA4-01A9-4E62-9191-3857D45D793A}.Debug|Any CPU.ActiveCfg = Debug|iPhone
		{A6C84AA4-01A9-4E62-9191-3857D45D793A}.Debug|ARM.ActiveCfg = Debug|iPhone
		{A6C84AA4-01A9-4E62-9191-3857D45D793A}.Debug|iPhone.ActiveCfg = Debug|iPhone
		{A6C84AA4-01A9-4E62-9191-3857D45D793A}.Debug|iPhone.Build.0 = Debug|iPhone
		{A6C84AA4-01A9-4E62-9191-3857D45D793A}.Debug|iPhoneSimulator.ActiveCfg = Debug|iPhoneSimulator
		{A6C84AA4-01A9-4E62-9191-3857D45D793A}.Debug|iPhoneSimulator.Build.0 = Debug|iPhoneSimulator
		{A6C84AA4-01A9-4E62-9191-3857D45D793A}.Debug|x64.ActiveCfg = Debug|iPhone
		{A6C84AA4-01A9-4E62-9191-3857D45D793A}.Debug|x86.ActiveCfg = Debug|iPhone
		{A6C84AA4-01A9-4E62-9191-3857D45D793A}.Release|Any CPU.ActiveCfg = Release|iPhone
		{A6C84AA4-01A9-4E62-9191-3857D45D793A}.Release|ARM.ActiveCfg = Release|iPhone
		{A6C84AA4-01A9-4E62-9191-3857D45D793A}.Release|iPhone.ActiveCfg = Release|iPhone
		{A6C84AA4-01A9-4E62-9191-3857D45D793A}.Release|iPhone.Build.0 = Release|iPhone
		{A6C84AA4-01A9-4E62-9191-3857D45D793A}.Release|iPhoneSimulator.ActiveCfg = Release|iPhoneSimulator
		{A6C84AA4-01A9-4E62-9191-3857D45D793A}.Release|iPhoneSimulator.Build.0 = Release|iPhoneSimulator
		{A6C84AA4-01A9-4E62-9191-3857D45D793A}.Release|x64.ActiveCfg = Release|iPhone
		{A6C84AA4-01A9-4E62-9191-3857D45D793A}.Release|x86.ActiveCfg = Release|iPhone
		{F0A94384-F653-4EA7-9D54-E6032A1AFE7F}.Ad-Hoc|Any CPU.ActiveCfg = Release|x86
		{F0A94384-F653-4EA7-9D54-E6032A1AFE7F}.Ad-Hoc|Any CPU.Build.0 = Release|x86
		{F0A94384-F653-4EA7-9D54-E6032A1AFE7F}.Ad-Hoc|Any CPU.Deploy.0 = Release|x86
		{F0A94384-F653-4EA7-9D54-E6032A1AFE7F}.Ad-Hoc|ARM.ActiveCfg = Release|ARM
		{F0A94384-F653-4EA7-9D54-E6032A1AFE7F}.Ad-Hoc|ARM.Build.0 = Release|ARM
		{F0A94384-F653-4EA7-9D54-E6032A1AFE7F}.Ad-Hoc|ARM.Deploy.0 = Release|ARM
		{F0A94384-F653-4EA7-9D54-E6032A1AFE7F}.Ad-Hoc|iPhone.ActiveCfg = Release|x86
		{F0A94384-F653-4EA7-9D54-E6032A1AFE7F}.Ad-Hoc|iPhone.Build.0 = Release|x86
		{F0A94384-F653-4EA7-9D54-E6032A1AFE7F}.Ad-Hoc|iPhone.Deploy.0 = Release|x86
		{F0A94384-F653-4EA7-9D54-E6032A1AFE7F}.Ad-Hoc|iPhoneSimulator.ActiveCfg = Release|x86
		{F0A94384-F653-4EA7-9D54-E6032A1AFE7F}.Ad-Hoc|iPhoneSimulator.Build.0 = Release|x86
		{F0A94384-F653-4EA7-9D54-E6032A1AFE7F}.Ad-Hoc|iPhoneSimulator.Deploy.0 = Release|x86
		{F0A94384-F653-4EA7-9D54-E6032A1AFE7F}.Ad-Hoc|x64.ActiveCfg = Release|x64
		{F0A94384-F653-4EA7-9D54-E6032A1AFE7F}.Ad-Hoc|x64.Build.0 = Release|x64
		{F0A94384-F653-4EA7-9D54-E6032A1AFE7F}.Ad-Hoc|x64.Deploy.0 = Release|x64
		{F0A94384-F653-4EA7-9D54-E6032A1AFE7F}.Ad-Hoc|x86.ActiveCfg = Release|x86
		{F0A94384-F653-4EA7-9D54-E6032A1AFE7F}.Ad-Hoc|x86.Build.0 = Release|x86
		{F0A94384-F653-4EA7-9D54-E6032A1AFE7F}.Ad-Hoc|x86.Deploy.0 = Release|x86
		{F0A94384-F653-4EA7-9D54-E6032A1AFE7F}.AppStore|Any CPU.ActiveCfg = Release|x86
		{F0A94384-F653-4EA7-9D54-E6032A1AFE7F}.AppStore|Any CPU.Build.0 = Release|x86
		{F0A94384-F653-4EA7-9D54-E6032A1AFE7F}.AppStore|Any CPU.Deploy.0 = Release|x86
		{F0A94384-F653-4EA7-9D54-E6032A1AFE7F}.AppStore|ARM.ActiveCfg = Release|ARM
		{F0A94384-F653-4EA7-9D54-E6032A1AFE7F}.AppStore|ARM.Build.0 = Release|ARM
		{F0A94384-F653-4EA7-9D54-E6032A1AFE7F}.AppStore|ARM.Deploy.0 = Release|ARM
		{F0A94384-F653-4EA7-9D54-E6032A1AFE7F}.AppStore|iPhone.ActiveCfg = Release|x86
		{F0A94384-F653-4EA7-9D54-E6032A1AFE7F}.AppStore|iPhone.Build.0 = Release|x86
		{F0A94384-F653-4EA7-9D54-E6032A1AFE7F}.AppStore|iPhone.Deploy.0 = Release|x86
		{F0A94384-F653-4EA7-9D54-E6032A1AFE7F}.AppStore|iPhoneSimulator.ActiveCfg = Release|x86
		{F0A94384-F653-4EA7-9D54-E6032A1AFE7F}.AppStore|iPhoneSimulator.Build.0 = Release|x86
		{F0A94384-F653-4EA7-9D54-E6032A1AFE7F}.AppStore|iPhoneSimulator.Deploy.0 = Release|x86
		{F0A94384-F653-4EA7-9D54-E6032A1AFE7F}.AppStore|x64.ActiveCfg = Release|x64
		{F0A94384-F653-4EA7-9D54-E6032A1AFE7F}.AppStore|x64.Build.0 = Release|x64
		{F0A94384-F653-4EA7-9D54-E6032A1AFE7F}.AppStore|x64.Deploy.0 = Release|x64
		{F0A94384-F653-4EA7-9D54-E6032A1AFE7F}.AppStore|x86.ActiveCfg = Release|x86
		{F0A94384-F653-4EA7-9D54-E6032A1AFE7F}.AppStore|x86.Build.0 = Release|x86
		{F0A94384-F653-4EA7-9D54-E6032A1AFE7F}.AppStore|x86.Deploy.0 = Release|x86
		{F0A94384-F653-4EA7-9D54-E6032A1AFE7F}.Debug|Any CPU.ActiveCfg = Debug|x86
		{F0A94384-F653-4EA7-9D54-E6032A1AFE7F}.Debug|ARM.ActiveCfg = Debug|ARM
		{F0A94384-F653-4EA7-9D54-E6032A1AFE7F}.Debug|ARM.Build.0 = Debug|ARM
		{F0A94384-F653-4EA7-9D54-E6032A1AFE7F}.Debug|ARM.Deploy.0 = Debug|ARM
		{F0A94384-F653-4EA7-9D54-E6032A1AFE7F}.Debug|iPhone.ActiveCfg = Debug|x86
		{F0A94384-F653-4EA7-9D54-E6032A1AFE7F}.Debug|iPhoneSimulator.ActiveCfg = Debug|x86
		{F0A94384-F653-4EA7-9D54-E6032A1AFE7F}.Debug|x64.ActiveCfg = Debug|x64
		{F0A94384-F653-4EA7-9D54-E6032A1AFE7F}.Debug|x64.Build.0 = Debug|x64
		{F0A94384-F653-4EA7-9D54-E6032A1AFE7F}.Debug|x64.Deploy.0 = Debug|x64
		{F0A94384-F653-4EA7-9D54-E6032A1AFE7F}.Debug|x86.ActiveCfg = Debug|x86
		{F0A94384-F653-4EA7-9D54-E6032A1AFE7F}.Debug|x86.Build.0 = Debug|x86
		{F0A94384-F653-4EA7-9D54-E6032A1AFE7F}.Debug|x86.Deploy.0 = Debug|x86
		{F0A94384-F653-4EA7-9D54-E6032A1AFE7F}.Release|Any CPU.ActiveCfg = Release|x86
		{F0A94384-F653-4EA7-9D54-E6032A1AFE7F}.Release|ARM.ActiveCfg = Release|ARM
		{F0A94384-F653-4EA7-9D54-E6032A1AFE7F}.Release|ARM.Build.0 = Release|ARM
		{F0A94384-F653-4EA7-9D54-E6032A1AFE7F}.Release|ARM.Deploy.0 = Release|ARM
		{F0A94384-F653-4EA7-9D54-E6032A1AFE7F}.Release|iPhone.ActiveCfg = Release|x86
		{F0A94384-F653-4EA7-9D54-E6032A1AFE7F}.Release|iPhoneSimulator.ActiveCfg = Release|x86
		{F0A94384-F653-4EA7-9D54-E6032A1AFE7F}.Release|x64.ActiveCfg = Release|x64
		{F0A94384-F653-4EA7-9D54-E6032A1AFE7F}.Release|x64.Build.0 = Release|x64
		{F0A94384-F653-4EA7-9D54-E6032A1AFE7F}.Release|x64.Deploy.0 = Release|x64
		{F0A94384-F653-4EA7-9D54-E6032A1AFE7F}.Release|x86.ActiveCfg = Release|x86
		{F0A94384-F653-4EA7-9D54-E6032A1AFE7F}.Release|x86.Build.0 = Release|x86
		{F0A94384-F653-4EA7-9D54-E6032A1AFE7F}.Release|x86.Deploy.0 = Release|x86
	EndGlobalSection
	GlobalSection(SolutionProperties) = preSolution
		HideSolutionNode = FALSE
	EndGlobalSection
EndGlobal
